{
  "name": "flashcards_website",
  "version": "1.0.0",
  "dependencies": {
    "chord-transposer": {
      "version": "1.1.0",
      "from": "chord-transposer@>=1.1.1 <2.0.0",
      "resolved": "https://registry.npmjs.org/chord-transposer/-/chord-transposer-1.1.0.tgz"
    },
    "xregexp": {
      "version": "3.1.1",
      "from": "xregexp@>=3.1.1 <4.0.0",
      "resolved": "https://registry.npmjs.org/xregexp/-/xregexp-3.1.1.tgz"
    }
  }
}
